PODS:
  - Flutter (1.0.0)
  - Stripe (19.0.1)
  - stripe_payment (1.0.0):
    - Flutter
    - Stripe (>= 19.0.1)

DEPENDENCIES:
  - Flutter (from `Flutter`)
  - stripe_payment (from `.symlinks/plugins/stripe_payment/ios`)

SPEC REPOS:
  trunk:
    - Stripe

EXTERNAL SOURCES:
  Flutter:
    :path: Flutter
  stripe_payment:
    :path: ".symlinks/plugins/stripe_payment/ios"

SPEC CHECKSUMS:
  Flutter: 0e3d915762c693b495b44d77113d4970485de6ec
  Stripe: 03313f9520a0786e2c00d9a7a2672c11e08821af
  stripe_payment: ad86f099179edb7b9fe12b9b62ac3746d5e56802

PODFILE CHECKSUM: 0ba44ad07df4ab62269dc769727cf0f12b1e453d

COCOAPODS: 1.9.1
